{
  "requires": true,
  "lockfileVersion": 1,
  "dependencies": {
    "concaveman": {
      "version": "1.1.1",
      "resolved": "https://registry.npmjs.org/concaveman/-/concaveman-1.1.1.tgz",
      "integrity": "sha1-bCSCWAslI874L8K+wAoEFebmgWI=",
      "requires": {
        "monotone-convex-hull-2d": "1.0.1",
        "point-in-polygon": "1.0.1",
        "rbush": "2.0.2",
        "robust-orientation": "1.1.3",
        "tinyqueue": "1.2.3"
      }
    },
    "delaunator": {
      "version": "2.0.0",
      "resolved": "https://registry.npmjs.org/delaunator/-/delaunator-2.0.0.tgz",
      "integrity": "sha512-Hd+th5aAITcxJI12hyXRZqb/T54TdytqXEieY06BHQIx0TZ4EGQUfBzSK2ZF1OMCsg03u19YFYPiBYncq1RLcg=="
    },
    "monotone-convex-hull-2d": {
      "version": "1.0.1",
      "resolved": "https://registry.npmjs.org/monotone-convex-hull-2d/-/monotone-convex-hull-2d-1.0.1.tgz",
      "integrity": "sha1-R/Xa6t88Sv03dkuqGqh4ekDu4Iw=",
      "requires": {
        "robust-orientation": "1.1.3"
      }
    },
    "ngraph.random": {
      "version": "0.1.0",
      "resolved": "https://registry.npmjs.org/ngraph.random/-/ngraph.random-0.1.0.tgz",
      "integrity": "sha1-G26Vc1KeCAZ32m/6CYeQ12oJSKk="
    },
    "point-in-polygon": {
      "version": "1.0.1",
      "resolved": "https://registry.npmjs.org/point-in-polygon/-/point-in-polygon-1.0.1.tgz",
      "integrity": "sha1-1Ztk6P7kHElFiqyCtWcYxZV7Kvc="
    },
    "quickselect": {
      "version": "1.1.1",
      "resolved": "https://registry.npmjs.org/quickselect/-/quickselect-1.1.1.tgz",
      "integrity": "sha512-qN0Gqdw4c4KGPsBOQafj6yj/PA6c/L63f6CaZ/DCF/xF4Esu3jVmKLUDYxghFx8Kb/O7y9tI7x2RjTSXwdK1iQ=="
    },
    "rbush": {
      "version": "2.0.2",
      "resolved": "https://registry.npmjs.org/rbush/-/rbush-2.0.2.tgz",
      "integrity": "sha512-XBOuALcTm+O/H8G90b6pzu6nX6v2zCKiFG4BJho8a+bY6AER6t8uQUZdi5bomQc0AprCWhEGa7ncAbbRap0bRA==",
      "requires": {
        "quickselect": "1.1.1"
      }
    },
    "robust-orientation": {
      "version": "1.1.3",
      "resolved": "https://registry.npmjs.org/robust-orientation/-/robust-orientation-1.1.3.tgz",
      "integrity": "sha1-2v9bANO+TmByLw6cAVbvln8cIEk=",
      "requires": {
        "robust-scale": "1.0.2",
        "robust-subtract": "1.0.0",
        "robust-sum": "1.0.0",
        "two-product": "1.0.2"
      }
    },
    "robust-scale": {
      "version": "1.0.2",
      "resolved": "https://registry.npmjs.org/robust-scale/-/robust-scale-1.0.2.tgz",
      "integrity": "sha1-d1Ey7QlULQKOWLLMecBikLz3jDI=",
      "requires": {
        "two-product": "1.0.2",
        "two-sum": "1.0.0"
      }
    },
    "robust-subtract": {
      "version": "1.0.0",
      "resolved": "https://registry.npmjs.org/robust-subtract/-/robust-subtract-1.0.0.tgz",
      "integrity": "sha1-4LFk4e2LpOOl3aRaEgODSNvtPpo="
    },
    "robust-sum": {
      "version": "1.0.0",
      "resolved": "https://registry.npmjs.org/robust-sum/-/robust-sum-1.0.0.tgz",
      "integrity": "sha1-FmRuUlKStNJdgnV6KGlV4Lv6U9k="
    },
    "tinyqueue": {
      "version": "1.2.3",
      "resolved": "https://registry.npmjs.org/tinyqueue/-/tinyqueue-1.2.3.tgz",
      "integrity": "sha512-Qz9RgWuO9l8lT+Y9xvbzhPT2efIUIFd69N7eF7tJ9lnQl0iLj1M7peK7IoUGZL9DJHw9XftqLreccfxcQgYLxA=="
    },
    "two-product": {
      "version": "1.0.2",
      "resolved": "https://registry.npmjs.org/two-product/-/two-product-1.0.2.tgz",
      "integrity": "sha1-Z9ldSyV6kh4stL16+VEfkIhSLqo="
    },
    "two-sum": {
      "version": "1.0.0",
      "resolved": "https://registry.npmjs.org/two-sum/-/two-sum-1.0.0.tgz",
      "integrity": "sha1-MdPzIjnk9zHsqd+RVeKyl/AIq2Q="
    }
  }
}
