{
  "name": "path-parsers",
  "lockfileVersion": 2,
  "requires": true,
  "packages": {
    "": {
      "dependencies": {
        "benchmark": "^2.1.4",
        "d-path-parser": "^1.0.0",
        "svg-path-parser": "^1.1.0"
      }
    },
    "node_modules/benchmark": {
      "version": "2.1.4",
      "resolved": "https://registry.npmjs.org/benchmark/-/benchmark-2.1.4.tgz",
      "integrity": "sha1-CfPeMckWQl1JjMLuVloOvzwqVik=",
      "dependencies": {
        "lodash": "^4.17.4",
        "platform": "^1.3.3"
      }
    },
    "node_modules/d-path-parser": {
      "version": "1.0.0",
      "resolved": "https://registry.npmjs.org/d-path-parser/-/d-path-parser-1.0.0.tgz",
      "integrity": "sha1-h7+0G0TFWWK0775doxUCte6LCrc="
    },
    "node_modules/lodash": {
      "version": "4.17.21",
      "resolved": "https://registry.npmjs.org/lodash/-/lodash-4.17.21.tgz",
      "integrity": "sha512-v2kDEe57lecTulaDIuNTPy3Ry4gLGJ6Z1O3vE1krgXZNrsQ+LFTGHVxVjcXPs17LhbZVGedAJv8XZ1tvj5FvSg=="
    },
    "node_modules/platform": {
      "version": "1.3.6",
      "resolved": "https://registry.npmjs.org/platform/-/platform-1.3.6.tgz",
      "integrity": "sha512-fnWVljUchTro6RiCFvCXBbNhJc2NijN7oIQxbwsyL0buWJPG85v81ehlHI9fXrJsMNgTofEoWIQeClKpgxFLrg=="
    },
    "node_modules/svg-path-parser": {
      "version": "1.1.0",
      "resolved": "https://registry.npmjs.org/svg-path-parser/-/svg-path-parser-1.1.0.tgz",
      "integrity": "sha1-4WtLOd8NKw056DR9t5/doUU6YEY="
    }
  },
  "dependencies": {
    "benchmark": {
      "version": "2.1.4",
      "resolved": "https://registry.npmjs.org/benchmark/-/benchmark-2.1.4.tgz",
      "integrity": "sha1-CfPeMckWQl1JjMLuVloOvzwqVik=",
      "requires": {
        "lodash": "^4.17.4",
        "platform": "^1.3.3"
      }
    },
    "d-path-parser": {
      "version": "1.0.0",
      "resolved": "https://registry.npmjs.org/d-path-parser/-/d-path-parser-1.0.0.tgz",
      "integrity": "sha1-h7+0G0TFWWK0775doxUCte6LCrc="
    },
    "lodash": {
      "version": "4.17.21",
      "resolved": "https://registry.npmjs.org/lodash/-/lodash-4.17.21.tgz",
      "integrity": "sha512-v2kDEe57lecTulaDIuNTPy3Ry4gLGJ6Z1O3vE1krgXZNrsQ+LFTGHVxVjcXPs17LhbZVGedAJv8XZ1tvj5FvSg=="
    },
    "platform": {
      "version": "1.3.6",
      "resolved": "https://registry.npmjs.org/platform/-/platform-1.3.6.tgz",
      "integrity": "sha512-fnWVljUchTro6RiCFvCXBbNhJc2NijN7oIQxbwsyL0buWJPG85v81ehlHI9fXrJsMNgTofEoWIQeClKpgxFLrg=="
    },
    "svg-path-parser": {
      "version": "1.1.0",
      "resolved": "https://registry.npmjs.org/svg-path-parser/-/svg-path-parser-1.1.0.tgz",
      "integrity": "sha1-4WtLOd8NKw056DR9t5/doUU6YEY="
    }
  }
}
