{
  "requires": true,
  "lockfileVersion": 1,
  "dependencies": {
    "ngraph.events": {
      "version": "1.2.1",
      "resolved": "https://registry.npmjs.org/ngraph.events/-/ngraph.events-1.2.1.tgz",
      "integrity": "sha512-D4C+nXH/RFxioGXQdHu8ELDtC6EaCiNsZtih0IvyGN81OZSUby4jXoJ5+RNWasfsd0FnKxxpAROyUMzw64QNsw=="
    },
    "ngraph.graph": {
      "version": "19.0.4",
      "resolved": "https://registry.npmjs.org/ngraph.graph/-/ngraph.graph-19.0.4.tgz",
      "integrity": "sha512-0ca9PbE1K504bgV5XDLhBaFSWDJYSb3a4R30THslKsneGTm45+5lUlB0wkWcmZ00QFC0LesrdLi0xqxrtGtFmA==",
      "requires": {
        "ngraph.events": "^1.2.1"
      }
    },
    "ngraph.random": {
      "version": "1.0.0",
      "resolved": "https://registry.npmjs.org/ngraph.random/-/ngraph.random-1.0.0.tgz",
      "integrity": "sha512-deLYx/kdrchInjD+S7IMCtLAyixWRXC3En9TI0KL2JbWIb8Z9SFv8UfSOLQppMBswy08aiYkoaucfLA7d8Ffcg=="
    },
    "ngraph.todot": {
      "version": "3.0.1",
      "resolved": "https://registry.npmjs.org/ngraph.todot/-/ngraph.todot-3.0.1.tgz",
      "integrity": "sha512-/OEuSVIrCCewnlPvaJUzrOlPuOTaU0UlJllpAFzicXd/rGt8LzgMGhKGGfOTIdAogJxZQrL6i3E8k+R6U0gffw=="
    }
  }
}
