{
  "name": "vector-stats",
  "lockfileVersion": 2,
  "requires": true,
  "packages": {
    "": {
      "dependencies": {
        "ngraph.forcelayout": "^3.3.1",
        "ngraph.fromdot": "^7.0.0",
        "ngraph.todot": "^4.0.0"
      }
    },
    "node_modules/dotparser": {
      "version": "1.1.1",
      "resolved": "https://registry.npmjs.org/dotparser/-/dotparser-1.1.1.tgz",
      "integrity": "sha512-8ojhUts0HbLnXJgjTiJOddwVVBUk6hg4SJ5kGiuhzgK/f+y79TiWvICwx1oCWlVbBC8YI3nEaIQg9fjGYbGBXw=="
    },
    "node_modules/ngraph.events": {
      "version": "1.2.2",
      "resolved": "https://registry.npmjs.org/ngraph.events/-/ngraph.events-1.2.2.tgz",
      "integrity": "sha512-JsUbEOzANskax+WSYiAPETemLWYXmixuPAlmZmhIbIj6FH/WDgEGCGnRwUQBK0GjOnVm8Ui+e5IJ+5VZ4e32eQ=="
    },
    "node_modules/ngraph.forcelayout": {
      "version": "3.3.1",
      "resolved": "https://registry.npmjs.org/ngraph.forcelayout/-/ngraph.forcelayout-3.3.1.tgz",
      "integrity": "sha512-MKBuEh1wujyQHFTW57y5vd/uuEOK0XfXYxm3lC7kktjJLRdt/KEKEknyOlc6tjXflqBKEuYBBcu7Ax5VY+S6aw==",
      "dependencies": {
        "ngraph.events": "^1.0.0",
        "ngraph.merge": "^1.0.0",
        "ngraph.random": "^1.0.0"
      }
    },
    "node_modules/ngraph.fromdot": {
      "version": "7.0.0",
      "resolved": "https://registry.npmjs.org/ngraph.fromdot/-/ngraph.fromdot-7.0.0.tgz",
      "integrity": "sha512-hFi3ZhAjBMfAVdRYLfsGryygNC5/yznbVCwyN6QJsMs+OJfXChsd3mGc8EaNdUBXbKp7lJ3rj4N2hEem+T3LvQ==",
      "dependencies": {
        "dotparser": "^1.0.0",
        "ngraph.graph": "^20.0.0"
      }
    },
    "node_modules/ngraph.graph": {
      "version": "20.0.1",
      "resolved": "https://registry.npmjs.org/ngraph.graph/-/ngraph.graph-20.0.1.tgz",
      "integrity": "sha512-VFsQ+EMkT+7lcJO1QP8Ik3w64WbHJl27Q53EO9hiFU9CRyxJ8HfcXtfWz/U8okuoYKDctbciL6pX3vG5dt1rYA==",
      "dependencies": {
        "ngraph.events": "^1.2.1"
      }
    },
    "node_modules/ngraph.merge": {
      "version": "1.0.0",
      "resolved": "https://registry.npmjs.org/ngraph.merge/-/ngraph.merge-1.0.0.tgz",
      "integrity": "sha512-5J8YjGITUJeapsomtTALYsw7rFveYkM+lBj3QiYZ79EymQcuri65Nw3knQtFxQBU1r5iOaVRXrSwMENUPK62Vg=="
    },
    "node_modules/ngraph.random": {
      "version": "1.1.0",
      "resolved": "https://registry.npmjs.org/ngraph.random/-/ngraph.random-1.1.0.tgz",
      "integrity": "sha512-h25UdUN/g8U7y29TzQtRm/GvGr70lK37yQPvPKXXuVfs7gCm82WipYFZcksQfeKumtOemAzBIcT7lzzyK/edLw=="
    },
    "node_modules/ngraph.todot": {
      "version": "4.0.0",
      "resolved": "https://registry.npmjs.org/ngraph.todot/-/ngraph.todot-4.0.0.tgz",
      "integrity": "sha512-AW7lqBYTqVUC7390mq6CPnL8J1oxM1v54Jss7eZiMLPKzrmGisMPfPMz6I8ZmqI6Nv705mCPmurCg9RicvQ8Hw=="
    }
  },
  "dependencies": {
    "dotparser": {
      "version": "1.1.1",
      "resolved": "https://registry.npmjs.org/dotparser/-/dotparser-1.1.1.tgz",
      "integrity": "sha512-8ojhUts0HbLnXJgjTiJOddwVVBUk6hg4SJ5kGiuhzgK/f+y79TiWvICwx1oCWlVbBC8YI3nEaIQg9fjGYbGBXw=="
    },
    "ngraph.events": {
      "version": "1.2.2",
      "resolved": "https://registry.npmjs.org/ngraph.events/-/ngraph.events-1.2.2.tgz",
      "integrity": "sha512-JsUbEOzANskax+WSYiAPETemLWYXmixuPAlmZmhIbIj6FH/WDgEGCGnRwUQBK0GjOnVm8Ui+e5IJ+5VZ4e32eQ=="
    },
    "ngraph.forcelayout": {
      "version": "3.3.1",
      "resolved": "https://registry.npmjs.org/ngraph.forcelayout/-/ngraph.forcelayout-3.3.1.tgz",
      "integrity": "sha512-MKBuEh1wujyQHFTW57y5vd/uuEOK0XfXYxm3lC7kktjJLRdt/KEKEknyOlc6tjXflqBKEuYBBcu7Ax5VY+S6aw==",
      "requires": {
        "ngraph.events": "^1.0.0",
        "ngraph.merge": "^1.0.0",
        "ngraph.random": "^1.0.0"
      }
    },
    "ngraph.fromdot": {
      "version": "7.0.0",
      "resolved": "https://registry.npmjs.org/ngraph.fromdot/-/ngraph.fromdot-7.0.0.tgz",
      "integrity": "sha512-hFi3ZhAjBMfAVdRYLfsGryygNC5/yznbVCwyN6QJsMs+OJfXChsd3mGc8EaNdUBXbKp7lJ3rj4N2hEem+T3LvQ==",
      "requires": {
        "dotparser": "^1.0.0",
        "ngraph.graph": "^20.0.0"
      }
    },
    "ngraph.graph": {
      "version": "20.0.1",
      "resolved": "https://registry.npmjs.org/ngraph.graph/-/ngraph.graph-20.0.1.tgz",
      "integrity": "sha512-VFsQ+EMkT+7lcJO1QP8Ik3w64WbHJl27Q53EO9hiFU9CRyxJ8HfcXtfWz/U8okuoYKDctbciL6pX3vG5dt1rYA==",
      "requires": {
        "ngraph.events": "^1.2.1"
      }
    },
    "ngraph.merge": {
      "version": "1.0.0",
      "resolved": "https://registry.npmjs.org/ngraph.merge/-/ngraph.merge-1.0.0.tgz",
      "integrity": "sha512-5J8YjGITUJeapsomtTALYsw7rFveYkM+lBj3QiYZ79EymQcuri65Nw3knQtFxQBU1r5iOaVRXrSwMENUPK62Vg=="
    },
    "ngraph.random": {
      "version": "1.1.0",
      "resolved": "https://registry.npmjs.org/ngraph.random/-/ngraph.random-1.1.0.tgz",
      "integrity": "sha512-h25UdUN/g8U7y29TzQtRm/GvGr70lK37yQPvPKXXuVfs7gCm82WipYFZcksQfeKumtOemAzBIcT7lzzyK/edLw=="
    },
    "ngraph.todot": {
      "version": "4.0.0",
      "resolved": "https://registry.npmjs.org/ngraph.todot/-/ngraph.todot-4.0.0.tgz",
      "integrity": "sha512-AW7lqBYTqVUC7390mq6CPnL8J1oxM1v54Jss7eZiMLPKzrmGisMPfPMz6I8ZmqI6Nv705mCPmurCg9RicvQ8Hw=="
    }
  }
}
