{
  "requires": true,
  "lockfileVersion": 1,
  "dependencies": {
    "ngraph.events": {
      "version": "0.0.3",
      "resolved": "https://registry.npmjs.org/ngraph.events/-/ngraph.events-0.0.3.tgz",
      "integrity": "sha1-OPVTFvPSB61jH/lPZiLKjywOh9A="
    },
    "ngraph.graph": {
      "version": "0.0.15",
      "resolved": "https://registry.npmjs.org/ngraph.graph/-/ngraph.graph-0.0.15.tgz",
      "integrity": "sha512-XOwLxddsB6a68WP2UKuLdyc3uceNGY3s3q93XJEuX2w87k0iLZDebq+jy35nmf9CnfDKB8J1E+rvLTfDNJ5MQQ==",
      "requires": {
        "ngraph.events": "0.0.3"
      }
    },
    "ngraph.todot": {
      "version": "0.3.0",
      "resolved": "https://registry.npmjs.org/ngraph.todot/-/ngraph.todot-0.3.0.tgz",
      "integrity": "sha1-DJGvnL+1iSmwVDQ/Z6z9HhxGEi4="
    }
  }
}
