{
  "requires": true,
  "lockfileVersion": 1,
  "dependencies": {
    "dotparser": {
      "version": "0.1.3",
      "resolved": "http://registry.npmjs.org/dotparser/-/dotparser-0.1.3.tgz",
      "integrity": "sha1-VfN22BYpZ20mVOOysoBr8RBf6wE="
    },
    "isect": {
      "version": "1.0.0",
      "resolved": "https://registry.npmjs.org/isect/-/isect-1.0.0.tgz",
      "integrity": "sha512-xEZLfvEvyIESP28lPIuUJwCQupnM/bX1PAshTfGF2k9MOWFbMbfq+Vd+xgsz9UNz3LgY8SMGioAhBRSGOzkrKg==",
      "requires": {
        "splaytree": "2.0.3"
      }
    },
    "ngraph.events": {
      "version": "0.0.3",
      "resolved": "https://registry.npmjs.org/ngraph.events/-/ngraph.events-0.0.3.tgz",
      "integrity": "sha1-OPVTFvPSB61jH/lPZiLKjywOh9A="
    },
    "ngraph.expose": {
      "version": "0.0.0",
      "resolved": "https://registry.npmjs.org/ngraph.expose/-/ngraph.expose-0.0.0.tgz",
      "integrity": "sha1-dGw0kDo4SMRdAzsUvGRhnqhf5ao="
    },
    "ngraph.forcelayout": {
      "version": "0.5.0",
      "resolved": "https://registry.npmjs.org/ngraph.forcelayout/-/ngraph.forcelayout-0.5.0.tgz",
      "integrity": "sha1-UVEcPh20XT1UNtp137HWrwl5FvU=",
      "requires": {
        "ngraph.events": "0.0.4",
        "ngraph.physics.simulator": "0.3.0"
      },
      "dependencies": {
        "ngraph.events": {
          "version": "0.0.4",
          "resolved": "https://registry.npmjs.org/ngraph.events/-/ngraph.events-0.0.4.tgz",
          "integrity": "sha1-css2RIjdD9fwV0WESfajsXpyLZo="
        }
      }
    },
    "ngraph.fromdot": {
      "version": "0.2.0",
      "resolved": "https://registry.npmjs.org/ngraph.fromdot/-/ngraph.fromdot-0.2.0.tgz",
      "integrity": "sha1-sts8jmMg8+Lr5UZBJnVxdDp6tck=",
      "requires": {
        "dotparser": "0.1.3",
        "ngraph.graph": "0.0.14"
      }
    },
    "ngraph.fromjson": {
      "version": "0.1.9",
      "resolved": "https://registry.npmjs.org/ngraph.fromjson/-/ngraph.fromjson-0.1.9.tgz",
      "integrity": "sha1-ZpELZkxp+jxQoc553R391bq0b24=",
      "requires": {
        "ngraph.graph": "0.0.14"
      }
    },
    "ngraph.graph": {
      "version": "0.0.14",
      "resolved": "https://registry.npmjs.org/ngraph.graph/-/ngraph.graph-0.0.14.tgz",
      "integrity": "sha1-1HrJSWfJIKr3aVLYpOczRuHfLbc=",
      "requires": {
        "ngraph.events": "0.0.3"
      }
    },
    "ngraph.merge": {
      "version": "0.0.1",
      "resolved": "https://registry.npmjs.org/ngraph.merge/-/ngraph.merge-0.0.1.tgz",
      "integrity": "sha1-5OgM43WBo8lrF9VF46Q8hUNLkCU="
    },
    "ngraph.physics.primitives": {
      "version": "0.0.7",
      "resolved": "https://registry.npmjs.org/ngraph.physics.primitives/-/ngraph.physics.primitives-0.0.7.tgz",
      "integrity": "sha1-Xcnhebofkubex3SwHNaJFBILeVs="
    },
    "ngraph.physics.simulator": {
      "version": "0.3.0",
      "resolved": "https://registry.npmjs.org/ngraph.physics.simulator/-/ngraph.physics.simulator-0.3.0.tgz",
      "integrity": "sha1-fKb8PjYXxz4QgFcuqo4E27d+AQI=",
      "requires": {
        "ngraph.events": "0.0.3",
        "ngraph.expose": "0.0.0",
        "ngraph.merge": "0.0.1",
        "ngraph.physics.primitives": "0.0.7",
        "ngraph.quadtreebh": "0.0.4",
        "ngraph.random": "0.0.1"
      }
    },
    "ngraph.quadtreebh": {
      "version": "0.0.4",
      "resolved": "https://registry.npmjs.org/ngraph.quadtreebh/-/ngraph.quadtreebh-0.0.4.tgz",
      "integrity": "sha1-xwDUTm5K8HttBQAbo5h/9eLc1iw=",
      "requires": {
        "ngraph.random": "0.0.1"
      }
    },
    "ngraph.random": {
      "version": "0.0.1",
      "resolved": "https://registry.npmjs.org/ngraph.random/-/ngraph.random-0.0.1.tgz",
      "integrity": "sha1-wAji67/f+vF+0Q5LvJE+VnFmvPg="
    },
    "splaytree": {
      "version": "2.0.3",
      "resolved": "https://registry.npmjs.org/splaytree/-/splaytree-2.0.3.tgz",
      "integrity": "sha512-IziTvWQv9F1EiKq9XveosQRGTLrdUW0jLokpmAXz0+hnLgBZitvU0j4gUvCGASKwUQvCZaofhff1H8OmE2LRdA=="
    }
  }
}
